
Microsoft Visual Studio Solution File, Format Version 12.00
# Visual Studio Version 17
VisualStudioVersion = 17.3.32804.467
MinimumVisualStudioVersion = 10.0.40219.1
Project("{FAE04EC0-301F-11D3-BF4B-00C04F79EFBC}") = "Grit", "Grit.csproj", "{5B3815F5-E742-4DFD-8824-F2C39A5AE517}"
EndProject
Global
	GlobalSection(SolutionConfigurationPlatforms) = preSolution
		Debug|Any CPU = Debug|Any CPU
		Release|Any CPU = Release|Any CPU
	EndGlobalSection
	GlobalSection(ProjectConfigurationPlatforms) = postSolution
		{5B3815F5-E742-4DFD-8824-F2C39A5AE517}.Debug|Any CPU.ActiveCfg = Debug|Any CPU
		{5B3815F5-E742-4DFD-8824-F2C39A5AE517}.Debug|Any CPU.Build.0 = Debug|Any CPU
		{5B3815F5-E742-4DFD-8824-F2C39A5AE517}.Release|Any CPU.ActiveCfg = Release|Any CPU
		{5B3815F5-E742-4DFD-8824-F2C39A5AE517}.Release|Any CPU.Build.0 = Release|Any CPU
		{5B3815F5-E742-4DFD-8824-F2C39A5AE517}.Release|Any CPU.Deploy.0 = Release|Any CPU
	EndGlobalSection
	GlobalSection(SolutionProperties) = preSolution
		HideSolutionNode = FALSE
	EndGlobalSection
	GlobalSection(ExtensibilityGlobals) = postSolution
		SolutionGuid = {6B9F6939-F987-47D9-BDD8-587EB6A135A0}
	EndGlobalSection
EndGlobal
